
Microsoft Visual Studio Solution File, Format Version 12.00
# Visual Studio Version 17
VisualStudioVersion = 17.7.34031.279
MinimumVisualStudioVersion = 10.0.40219.1
Project("{FAE04EC0-301F-11D3-BF4B-00C04F79EFBC}") = "VidonBotellasMVC", "VidonBotellasMVC\VidonBotellasMVC.csproj", "{3E01C98B-AD4F-446E-B86B-F961A0A80801}"
EndProject
Global
	GlobalSection(SolutionConfigurationPlatforms) = preSolution
		Debug|Any CPU = Debug|Any CPU
		Release|Any CPU = Release|Any CPU
	EndGlobalSection
	GlobalSection(ProjectConfigurationPlatforms) = postSolution
		{3E01C98B-AD4F-446E-B86B-F961A0A80801}.Debug|Any CPU.ActiveCfg = Debug|Any CPU
		{3E01C98B-AD4F-446E-B86B-F961A0A80801}.Debug|Any CPU.Build.0 = Debug|Any CPU
		{3E01C98B-AD4F-446E-B86B-F961A0A80801}.Release|Any CPU.ActiveCfg = Release|Any CPU
		{3E01C98B-AD4F-446E-B86B-F961A0A80801}.Release|Any CPU.Build.0 = Release|Any CPU
	EndGlobalSection
	GlobalSection(SolutionProperties) = preSolution
		HideSolutionNode = FALSE
	EndGlobalSection
	GlobalSection(ExtensibilityGlobals) = postSolution
		SolutionGuid = {5040035C-0C92-49D0-8E7E-E30AD64EE127}
	EndGlobalSection
EndGlobal
